
Microsoft Visual Studio Solution File, Format Version 12.00
# Visual Studio Version 17
VisualStudioVersion = 17.10.35027.167
MinimumVisualStudioVersion = 10.0.40219.1
Project("{9A19103F-16F7-4668-BE54-9A1E7A4F7556}") = "Service Center Management System", "Service Center Management System.csproj", "{A8CB0372-24A6-4D0E-A497-880FF5B24469}"
EndProject
Global
	GlobalSection(SolutionConfigurationPlatforms) = preSolution
		Debug|Any CPU = Debug|Any CPU
		Release|Any CPU = Release|Any CPU
	EndGlobalSection
	GlobalSection(ProjectConfigurationPlatforms) = postSolution
		{A8CB0372-24A6-4D0E-A497-880FF5B24469}.Debug|Any CPU.ActiveCfg = Debug|Any CPU
		{A8CB0372-24A6-4D0E-A497-880FF5B24469}.Debug|Any CPU.Build.0 = Debug|Any CPU
		{A8CB0372-24A6-4D0E-A497-880FF5B24469}.Release|Any CPU.ActiveCfg = Release|Any CPU
		{A8CB0372-24A6-4D0E-A497-880FF5B24469}.Release|Any CPU.Build.0 = Release|Any CPU
	EndGlobalSection
	GlobalSection(SolutionProperties) = preSolution
		HideSolutionNode = FALSE
	EndGlobalSection
	GlobalSection(ExtensibilityGlobals) = postSolution
		SolutionGuid = {A41EB55B-FD26-4B99-B98A-DF6BDAD22009}
	EndGlobalSection
EndGlobal
